// !$*UTF8*$!
{
	archiveVersion = 1;
	classes = {
	};
	objectVersion = 46;
	objects = {

/* Begin PBXBuildFile section */
		47309C30155AD5C60065F74E /* readme.md in Resources */ = {isa = PBXBuildFile; fileRef = 47309C2F155AD5C60065F74E /* readme.md */; };
		473C9F60154F42A700842854 /* UIKit.framework in Frameworks */ = {isa = PBXBuildFile; fileRef = 473C9F5F154F42A700842854 /* UIKit.framework */; };
		473C9F62154F42A700842854 /* Foundation.framework in Frameworks */ = {isa = PBXBuildFile; fileRef = 473C9F61154F42A700842854 /* Foundation.framework */; };
		473C9F64154F42A700842854 /* CoreGraphics.framework in Frameworks */ = {isa = PBXBuildFile; fileRef = 473C9F63154F42A700842854 /* CoreGraphics.framework */; };
		473C9F6A154F42A700842854 /* InfoPlist.strings in Resources */ = {isa = PBXBuildFile; fileRef = 473C9F68154F42A700842854 /* InfoPlist.strings */; };
		473C9F6C154F42A700842854 /* main.m in Sources */ = {isa = PBXBuildFile; fileRef = 473C9F6B154F42A700842854 /* main.m */; };
		473C9F70154F42A700842854 /* AppDelegate.m in Sources */ = {isa = PBXBuildFile; fileRef = 473C9F6F154F42A700842854 /* AppDelegate.m */; };
		473C9F73154F42A700842854 /* MainStoryboard.storyboard in Resources */ = {isa = PBXBuildFile; fileRef = 473C9F71154F42A700842854 /* MainStoryboard.storyboard */; };
		473C9F76154F42A700842854 /* ViewController.m in Sources */ = {isa = PBXBuildFile; fileRef = 473C9F75154F42A700842854 /* ViewController.m */; };
		473C9F7D154F42C700842854 /* CoreBluetooth.framework in Frameworks */ = {isa = PBXBuildFile; fileRef = 473C9F7C154F42C700842854 /* CoreBluetooth.framework */; };
		473C9F8F154F48AD00842854 /* CBUUID+Utils.m in Sources */ = {isa = PBXBuildFile; fileRef = 473C9F8E154F48AD00842854 /* CBUUID+Utils.m */; };
		474734F9155D94A2008C5B84 /* background.png in Resources */ = {isa = PBXBuildFile; fileRef = 474734F7155D94A2008C5B84 /* background.png */; };
		474734FA155D94A2008C5B84 /* background@2x.png in Resources */ = {isa = PBXBuildFile; fileRef = 474734F8155D94A2008C5B84 /* background@2x.png */; };
		47473509155DB0E7008C5B84 /* MBProgressHUD.m in Sources */ = {isa = PBXBuildFile; fileRef = 47473508155DB0E7008C5B84 /* MBProgressHUD.m */; };
		47473522155EEA83008C5B84 /* Icon-72.png in Resources */ = {isa = PBXBuildFile; fileRef = 47473518155EEA83008C5B84 /* Icon-72.png */; };
		47473523155EEA83008C5B84 /* Icon-72@2x.png in Resources */ = {isa = PBXBuildFile; fileRef = 47473519155EEA83008C5B84 /* Icon-72@2x.png */; };
		47473524155EEA83008C5B84 /* Icon-Small-50.png in Resources */ = {isa = PBXBuildFile; fileRef = 4747351A155EEA83008C5B84 /* Icon-Small-50.png */; };
		47473525155EEA83008C5B84 /* Icon-Small-50@2x.png in Resources */ = {isa = PBXBuildFile; fileRef = 4747351B155EEA83008C5B84 /* Icon-Small-50@2x.png */; };
		47473526155EEA83008C5B84 /* Icon-Small.png in Resources */ = {isa = PBXBuildFile; fileRef = 4747351C155EEA83008C5B84 /* Icon-Small.png */; };
		47473527155EEA83008C5B84 /* Icon-Small@2x.png in Resources */ = {isa = PBXBuildFile; fileRef = 4747351D155EEA83008C5B84 /* Icon-Small@2x.png */; };
		47473528155EEA83008C5B84 /* Icon.png in Resources */ = {isa = PBXBuildFile; fileRef = 4747351E155EEA83008C5B84 /* Icon.png */; };
		47473529155EEA83008C5B84 /* Icon@2x.png in Resources */ = {isa = PBXBuildFile; fileRef = 4747351F155EEA83008C5B84 /* Icon@2x.png */; };
		47473532155F0015008C5B84 /* Default.png in Resources */ = {isa = PBXBuildFile; fileRef = 47473530155F0015008C5B84 /* Default.png */; };
		47473533155F0015008C5B84 /* Default@2x.png in Resources */ = {isa = PBXBuildFile; fileRef = 47473531155F0015008C5B84 /* Default@2x.png */; };
		47473537155F0C45008C5B84 /* toolbar.png in Resources */ = {isa = PBXBuildFile; fileRef = 47473535155F0C45008C5B84 /* toolbar.png */; };
		47473538155F0C45008C5B84 /* toolbar@2x.png in Resources */ = {isa = PBXBuildFile; fileRef = 47473536155F0C45008C5B84 /* toolbar@2x.png */; };
		4747353F155F1491008C5B84 /* topbtn_debug.png in Resources */ = {isa = PBXBuildFile; fileRef = 4747353D155F1491008C5B84 /* topbtn_debug.png */; };
		47473540155F1491008C5B84 /* topbtn_debug@2x.png in Resources */ = {isa = PBXBuildFile; fileRef = 4747353E155F1491008C5B84 /* topbtn_debug@2x.png */; };
		47473543155F1751008C5B84 /* topbtn_scan.png in Resources */ = {isa = PBXBuildFile; fileRef = 47473541155F1751008C5B84 /* topbtn_scan.png */; };
		47473544155F1751008C5B84 /* topbtn_scan@2x.png in Resources */ = {isa = PBXBuildFile; fileRef = 47473542155F1751008C5B84 /* topbtn_scan@2x.png */; };
		47473547155F18B7008C5B84 /* topbtn_learn.png in Resources */ = {isa = PBXBuildFile; fileRef = 47473545155F18B7008C5B84 /* topbtn_learn.png */; };
		47473548155F18B7008C5B84 /* topbtn_learn@2x.png in Resources */ = {isa = PBXBuildFile; fileRef = 47473546155F18B7008C5B84 /* topbtn_learn@2x.png */; };
		4747354B155F23F5008C5B84 /* titleScrollerOverlay.png in Resources */ = {isa = PBXBuildFile; fileRef = 47473549155F23F5008C5B84 /* titleScrollerOverlay.png */; };
		4747354C155F23F5008C5B84 /* titleScrollerOverlay@2x.png in Resources */ = {isa = PBXBuildFile; fileRef = 4747354A155F23F5008C5B84 /* titleScrollerOverlay@2x.png */; };
		474735521560443E008C5B84 /* btn_black@2x.png in Resources */ = {isa = PBXBuildFile; fileRef = 474735511560443E008C5B84 /* btn_black@2x.png */; };
		474735551560447D008C5B84 /* btn_black.png in Resources */ = {isa = PBXBuildFile; fileRef = 474735541560447D008C5B84 /* btn_black.png */; };
		4747355A156048D9008C5B84 /* btn_blue.png in Resources */ = {isa = PBXBuildFile; fileRef = 47473556156048D9008C5B84 /* btn_blue.png */; };
		4747355B156048D9008C5B84 /* btn_blue@2x.png in Resources */ = {isa = PBXBuildFile; fileRef = 47473557156048D9008C5B84 /* btn_blue@2x.png */; };
		4747355C156048D9008C5B84 /* btn_gray.png in Resources */ = {isa = PBXBuildFile; fileRef = 47473558156048D9008C5B84 /* btn_gray.png */; };
		4747355D156048D9008C5B84 /* btn_gray@2x.png in Resources */ = {isa = PBXBuildFile; fileRef = 47473559156048D9008C5B84 /* btn_gray@2x.png */; };
		47473570156048EE008C5B84 /* btn_green.png in Resources */ = {isa = PBXBuildFile; fileRef = 4747355E156048EE008C5B84 /* btn_green.png */; };
		47473571156048EE008C5B84 /* btn_green@2x.png in Resources */ = {isa = PBXBuildFile; fileRef = 4747355F156048EE008C5B84 /* btn_green@2x.png */; };
		47473572156048EE008C5B84 /* btn_lightblue.png in Resources */ = {isa = PBXBuildFile; fileRef = 47473560156048EE008C5B84 /* btn_lightblue.png */; };
		47473573156048EE008C5B84 /* btn_lightblue@2x.png in Resources */ = {isa = PBXBuildFile; fileRef = 47473561156048EE008C5B84 /* btn_lightblue@2x.png */; };
		47473574156048EE008C5B84 /* btn_lime.png in Resources */ = {isa = PBXBuildFile; fileRef = 47473562156048EE008C5B84 /* btn_lime.png */; };
		47473575156048EE008C5B84 /* btn_lime@2x.png in Resources */ = {isa = PBXBuildFile; fileRef = 47473563156048EE008C5B84 /* btn_lime@2x.png */; };
		47473576156048EE008C5B84 /* btn_orange.png in Resources */ = {isa = PBXBuildFile; fileRef = 47473564156048EE008C5B84 /* btn_orange.png */; };
		47473577156048EE008C5B84 /* btn_orange@2x.png in Resources */ = {isa = PBXBuildFile; fileRef = 47473565156048EE008C5B84 /* btn_orange@2x.png */; };
		47473578156048EE008C5B84 /* btn_pink.png in Resources */ = {isa = PBXBuildFile; fileRef = 47473566156048EE008C5B84 /* btn_pink.png */; };
		47473579156048EE008C5B84 /* btn_pink@2x.png in Resources */ = {isa = PBXBuildFile; fileRef = 47473567156048EE008C5B84 /* btn_pink@2x.png */; };
		4747357A156048EE008C5B84 /* btn_purple.png in Resources */ = {isa = PBXBuildFile; fileRef = 47473568156048EE008C5B84 /* btn_purple.png */; };
		4747357B156048EE008C5B84 /* btn_purple@2x.png in Resources */ = {isa = PBXBuildFile; fileRef = 47473569156048EE008C5B84 /* btn_purple@2x.png */; };
		4747357C156048EE008C5B84 /* btn_red.png in Resources */ = {isa = PBXBuildFile; fileRef = 4747356A156048EE008C5B84 /* btn_red.png */; };
		4747357D156048EE008C5B84 /* btn_red@2x.png in Resources */ = {isa = PBXBuildFile; fileRef = 4747356B156048EE008C5B84 /* btn_red@2x.png */; };
		4747357E156048EE008C5B84 /* btn_turquoise.png in Resources */ = {isa = PBXBuildFile; fileRef = 4747356C156048EE008C5B84 /* btn_turquoise.png */; };
		4747357F156048EE008C5B84 /* btn_turquoise@2x.png in Resources */ = {isa = PBXBuildFile; fileRef = 4747356D156048EE008C5B84 /* btn_turquoise@2x.png */; };
		47473580156048EE008C5B84 /* btn_yellow.png in Resources */ = {isa = PBXBuildFile; fileRef = 4747356E156048EE008C5B84 /* btn_yellow.png */; };
		47473581156048EE008C5B84 /* btn_yellow@2x.png in Resources */ = {isa = PBXBuildFile; fileRef = 4747356F156048EE008C5B84 /* btn_yellow@2x.png */; };
		4747358815604E34008C5B84 /* TBXML.m in Sources */ = {isa = PBXBuildFile; fileRef = 4747358615604E34008C5B84 /* TBXML.m */; };
		4747358D15605017008C5B84 /* remote.xml in Resources */ = {isa = PBXBuildFile; fileRef = 4747358C15605017008C5B84 /* remote.xml */; };
		47C058F61561B36500F35DFD /* AudioToolbox.framework in Frameworks */ = {isa = PBXBuildFile; fileRef = 47C058F51561B36500F35DFD /* AudioToolbox.framework */; };
		47C058FD1561BAD800F35DFD /* tock.aif in Resources */ = {isa = PBXBuildFile; fileRef = 47C058FC1561BAD800F35DFD /* tock.aif */; };
		47C058FF1561BB6200F35DFD /* AVFoundation.framework in Frameworks */ = {isa = PBXBuildFile; fileRef = 47C058FE1561BB6200F35DFD /* AVFoundation.framework */; };
/* End PBXBuildFile section */

/* Begin PBXFileReference section */
		47309C2F155AD5C60065F74E /* readme.md */ = {isa = PBXFileReference; fileEncoding = 4; lastKnownFileType = text; path = readme.md; sourceTree = "<group>"; };
		473C9F5B154F42A700842854 /* Bluetooth LE.app */ = {isa = PBXFileReference; explicitFileType = wrapper.application; includeInIndex = 0; path = "Bluetooth LE.app"; sourceTree = BUILT_PRODUCTS_DIR; };
		473C9F5F154F42A700842854 /* UIKit.framework */ = {isa = PBXFileReference; lastKnownFileType = wrapper.framework; name = UIKit.framework; path = System/Library/Frameworks/UIKit.framework; sourceTree = SDKROOT; };
		473C9F61154F42A700842854 /* Foundation.framework */ = {isa = PBXFileReference; lastKnownFileType = wrapper.framework; name = Foundation.framework; path = System/Library/Frameworks/Foundation.framework; sourceTree = SDKROOT; };
		473C9F63154F42A700842854 /* CoreGraphics.framework */ = {isa = PBXFileReference; lastKnownFileType = wrapper.framework; name = CoreGraphics.framework; path = System/Library/Frameworks/CoreGraphics.framework; sourceTree = SDKROOT; };
		473C9F67154F42A700842854 /* Bluetooth LE-Info.plist */ = {isa = PBXFileReference; lastKnownFileType = text.plist.xml; path = "Bluetooth LE-Info.plist"; sourceTree = "<group>"; };
		473C9F69154F42A700842854 /* en */ = {isa = PBXFileReference; lastKnownFileType = text.plist.strings; name = en; path = en.lproj/InfoPlist.strings; sourceTree = "<group>"; };
		473C9F6B154F42A700842854 /* main.m */ = {isa = PBXFileReference; lastKnownFileType = sourcecode.c.objc; path = main.m; sourceTree = "<group>"; };
		473C9F6D154F42A700842854 /* Bluetooth LE-Prefix.pch */ = {isa = PBXFileReference; lastKnownFileType = sourcecode.c.h; path = "Bluetooth LE-Prefix.pch"; sourceTree = "<group>"; };
		473C9F6E154F42A700842854 /* AppDelegate.h */ = {isa = PBXFileReference; lastKnownFileType = sourcecode.c.h; path = AppDelegate.h; sourceTree = "<group>"; };
		473C9F6F154F42A700842854 /* AppDelegate.m */ = {isa = PBXFileReference; lastKnownFileType = sourcecode.c.objc; path = AppDelegate.m; sourceTree = "<group>"; };
		473C9F72154F42A700842854 /* en */ = {isa = PBXFileReference; lastKnownFileType = file.storyboard; name = en; path = en.lproj/MainStoryboard.storyboard; sourceTree = "<group>"; };
		473C9F74154F42A700842854 /* ViewController.h */ = {isa = PBXFileReference; lastKnownFileType = sourcecode.c.h; path = ViewController.h; sourceTree = "<group>"; };
		473C9F75154F42A700842854 /* ViewController.m */ = {isa = PBXFileReference; lastKnownFileType = sourcecode.c.objc; path = ViewController.m; sourceTree = "<group>"; };
		473C9F7C154F42C700842854 /* CoreBluetooth.framework */ = {isa = PBXFileReference; lastKnownFileType = wrapper.framework; name = CoreBluetooth.framework; path = System/Library/Frameworks/CoreBluetooth.framework; sourceTree = SDKROOT; };
		473C9F8D154F48AD00842854 /* CBUUID+Utils.h */ = {isa = PBXFileReference; fileEncoding = 4; lastKnownFileType = sourcecode.c.h; path = "CBUUID+Utils.h"; sourceTree = "<group>"; };
		473C9F8E154F48AD00842854 /* CBUUID+Utils.m */ = {isa = PBXFileReference; fileEncoding = 4; lastKnownFileType = sourcecode.c.objc; path = "CBUUID+Utils.m"; sourceTree = "<group>"; };
		474734F7155D94A2008C5B84 /* background.png */ = {isa = PBXFileReference; lastKnownFileType = image.png; path = background.png; sourceTree = "<group>"; };
		474734F8155D94A2008C5B84 /* background@2x.png */ = {isa = PBXFileReference; lastKnownFileType = image.png; path = "background@2x.png"; sourceTree = "<group>"; };
		47473507155DB0E7008C5B84 /* MBProgressHUD.h */ = {isa = PBXFileReference; fileEncoding = 4; lastKnownFileType = sourcecode.c.h; path = MBProgressHUD.h; sourceTree = "<group>"; };
		47473508155DB0E7008C5B84 /* MBProgressHUD.m */ = {isa = PBXFileReference; fileEncoding = 4; lastKnownFileType = sourcecode.c.objc; path = MBProgressHUD.m; sourceTree = "<group>"; };
		47473518155EEA83008C5B84 /* Icon-72.png */ = {isa = PBXFileReference; lastKnownFileType = image.png; path = "Icon-72.png"; sourceTree = "<group>"; };
		47473519155EEA83008C5B84 /* Icon-72@2x.png */ = {isa = PBXFileReference; lastKnownFileType = image.png; path = "Icon-72@2x.png"; sourceTree = "<group>"; };
		4747351A155EEA83008C5B84 /* Icon-Small-50.png */ = {isa = PBXFileReference; lastKnownFileType = image.png; path = "Icon-Small-50.png"; sourceTree = "<group>"; };
		4747351B155EEA83008C5B84 /* Icon-Small-50@2x.png */ = {isa = PBXFileReference; lastKnownFileType = image.png; path = "Icon-Small-50@2x.png"; sourceTree = "<group>"; };
		4747351C155EEA83008C5B84 /* Icon-Small.png */ = {isa = PBXFileReference; lastKnownFileType = image.png; path = "Icon-Small.png"; sourceTree = "<group>"; };
		4747351D155EEA83008C5B84 /* Icon-Small@2x.png */ = {isa = PBXFileReference; lastKnownFileType = image.png; path = "Icon-Small@2x.png"; sourceTree = "<group>"; };
		4747351E155EEA83008C5B84 /* Icon.png */ = {isa = PBXFileReference; lastKnownFileType = image.png; path = Icon.png; sourceTree = "<group>"; };
		4747351F155EEA83008C5B84 /* Icon@2x.png */ = {isa = PBXFileReference; lastKnownFileType = image.png; path = "Icon@2x.png"; sourceTree = "<group>"; };
		47473520155EEA83008C5B84 /* iTunesArtwork.png */ = {isa = PBXFileReference; lastKnownFileType = image.png; path = iTunesArtwork.png; sourceTree = "<group>"; };
		47473521155EEA83008C5B84 /* iTunesArtwork@2x.png */ = {isa = PBXFileReference; lastKnownFileType = image.png; path = "iTunesArtwork@2x.png"; sourceTree = "<group>"; };
		47473530155F0015008C5B84 /* Default.png */ = {isa = PBXFileReference; lastKnownFileType = image.png; path = Default.png; sourceTree = "<group>"; };
		47473531155F0015008C5B84 /* Default@2x.png */ = {isa = PBXFileReference; lastKnownFileType = image.png; path = "Default@2x.png"; sourceTree = "<group>"; };
		47473535155F0C45008C5B84 /* toolbar.png */ = {isa = PBXFileReference; lastKnownFileType = image.png; path = toolbar.png; sourceTree = "<group>"; };
		47473536155F0C45008C5B84 /* toolbar@2x.png */ = {isa = PBXFileReference; lastKnownFileType = image.png; path = "toolbar@2x.png"; sourceTree = "<group>"; };
		4747353D155F1491008C5B84 /* topbtn_debug.png */ = {isa = PBXFileReference; lastKnownFileType = image.png; path = topbtn_debug.png; sourceTree = "<group>"; };
		4747353E155F1491008C5B84 /* topbtn_debug@2x.png */ = {isa = PBXFileReference; lastKnownFileType = image.png; path = "topbtn_debug@2x.png"; sourceTree = "<group>"; };
		47473541155F1751008C5B84 /* topbtn_scan.png */ = {isa = PBXFileReference; lastKnownFileType = image.png; path = topbtn_scan.png; sourceTree = "<group>"; };
		47473542155F1751008C5B84 /* topbtn_scan@2x.png */ = {isa = PBXFileReference; lastKnownFileType = image.png; path = "topbtn_scan@2x.png"; sourceTree = "<group>"; };
		47473545155F18B7008C5B84 /* topbtn_learn.png */ = {isa = PBXFileReference; lastKnownFileType = image.png; path = topbtn_learn.png; sourceTree = "<group>"; };
		47473546155F18B7008C5B84 /* topbtn_learn@2x.png */ = {isa = PBXFileReference; lastKnownFileType = image.png; path = "topbtn_learn@2x.png"; sourceTree = "<group>"; };
		47473549155F23F5008C5B84 /* titleScrollerOverlay.png */ = {isa = PBXFileReference; lastKnownFileType = image.png; path = titleScrollerOverlay.png; sourceTree = "<group>"; };
		4747354A155F23F5008C5B84 /* titleScrollerOverlay@2x.png */ = {isa = PBXFileReference; lastKnownFileType = image.png; path = "titleScrollerOverlay@2x.png"; sourceTree = "<group>"; };
		474735511560443E008C5B84 /* btn_black@2x.png */ = {isa = PBXFileReference; lastKnownFileType = image.png; path = "btn_black@2x.png"; sourceTree = "<group>"; };
		474735541560447D008C5B84 /* btn_black.png */ = {isa = PBXFileReference; lastKnownFileType = image.png; path = btn_black.png; sourceTree = "<group>"; };
		47473556156048D9008C5B84 /* btn_blue.png */ = {isa = PBXFileReference; lastKnownFileType = image.png; path = btn_blue.png; sourceTree = "<group>"; };
		47473557156048D9008C5B84 /* btn_blue@2x.png */ = {isa = PBXFileReference; lastKnownFileType = image.png; path = "btn_blue@2x.png"; sourceTree = "<group>"; };
		47473558156048D9008C5B84 /* btn_gray.png */ = {isa = PBXFileReference; lastKnownFileType = image.png; path = btn_gray.png; sourceTree = "<group>"; };
		47473559156048D9008C5B84 /* btn_gray@2x.png */ = {isa = PBXFileReference; lastKnownFileType = image.png; path = "btn_gray@2x.png"; sourceTree = "<group>"; };
		4747355E156048EE008C5B84 /* btn_green.png */ = {isa = PBXFileReference; lastKnownFileType = image.png; path = btn_green.png; sourceTree = "<group>"; };
		4747355F156048EE008C5B84 /* btn_green@2x.png */ = {isa = PBXFileReference; lastKnownFileType = image.png; path = "btn_green@2x.png"; sourceTree = "<group>"; };
		47473560156048EE008C5B84 /* btn_lightblue.png */ = {isa = PBXFileReference; lastKnownFileType = image.png; path = btn_lightblue.png; sourceTree = "<group>"; };
		47473561156048EE008C5B84 /* btn_lightblue@2x.png */ = {isa = PBXFileReference; lastKnownFileType = image.png; path = "btn_lightblue@2x.png"; sourceTree = "<group>"; };
		47473562156048EE008C5B84 /* btn_lime.png */ = {isa = PBXFileReference; lastKnownFileType = image.png; path = btn_lime.png; sourceTree = "<group>"; };
		47473563156048EE008C5B84 /* btn_lime@2x.png */ = {isa = PBXFileReference; lastKnownFileType = image.png; path = "btn_lime@2x.png"; sourceTree = "<group>"; };
		47473564156048EE008C5B84 /* btn_orange.png */ = {isa = PBXFileReference; lastKnownFileType = image.png; path = btn_orange.png; sourceTree = "<group>"; };
		47473565156048EE008C5B84 /* btn_orange@2x.png */ = {isa = PBXFileReference; lastKnownFileType = image.png; path = "btn_orange@2x.png"; sourceTree = "<group>"; };
		47473566156048EE008C5B84 /* btn_pink.png */ = {isa = PBXFileReference; lastKnownFileType = image.png; path = btn_pink.png; sourceTree = "<group>"; };
		47473567156048EE008C5B84 /* btn_pink@2x.png */ = {isa = PBXFileReference; lastKnownFileType = image.png; path = "btn_pink@2x.png"; sourceTree = "<group>"; };
		47473568156048EE008C5B84 /* btn_purple.png */ = {isa = PBXFileReference; lastKnownFileType = image.png; path = btn_purple.png; sourceTree = "<group>"; };
		47473569156048EE008C5B84 /* btn_purple@2x.png */ = {isa = PBXFileReference; lastKnownFileType = image.png; path = "btn_purple@2x.png"; sourceTree = "<group>"; };
		4747356A156048EE008C5B84 /* btn_red.png */ = {isa = PBXFileReference; lastKnownFileType = image.png; path = btn_red.png; sourceTree = "<group>"; };
		4747356B156048EE008C5B84 /* btn_red@2x.png */ = {isa = PBXFileReference; lastKnownFileType = image.png; path = "btn_red@2x.png"; sourceTree = "<group>"; };
		4747356C156048EE008C5B84 /* btn_turquoise.png */ = {isa = PBXFileReference; lastKnownFileType = image.png; path = btn_turquoise.png; sourceTree = "<group>"; };
		4747356D156048EE008C5B84 /* btn_turquoise@2x.png */ = {isa = PBXFileReference; lastKnownFileType = image.png; path = "btn_turquoise@2x.png"; sourceTree = "<group>"; };
		4747356E156048EE008C5B84 /* btn_yellow.png */ = {isa = PBXFileReference; lastKnownFileType = image.png; path = btn_yellow.png; sourceTree = "<group>"; };
		4747356F156048EE008C5B84 /* btn_yellow@2x.png */ = {isa = PBXFileReference; lastKnownFileType = image.png; path = "btn_yellow@2x.png"; sourceTree = "<group>"; };
		4747358615604E34008C5B84 /* TBXML.m */ = {isa = PBXFileReference; fileEncoding = 4; lastKnownFileType = sourcecode.c.objc; path = TBXML.m; sourceTree = "<group>"; };
		4747358715604E34008C5B84 /* TBXML.h */ = {isa = PBXFileReference; fileEncoding = 4; lastKnownFileType = sourcecode.c.h; path = TBXML.h; sourceTree = "<group>"; };
		4747358C15605017008C5B84 /* remote.xml */ = {isa = PBXFileReference; fileEncoding = 4; lastKnownFileType = text.xml; path = remote.xml; sourceTree = "<group>"; };
		47C058F51561B36500F35DFD /* AudioToolbox.framework */ = {isa = PBXFileReference; lastKnownFileType = wrapper.framework; name = AudioToolbox.framework; path = System/Library/Frameworks/AudioToolbox.framework; sourceTree = SDKROOT; };
		47C058FC1561BAD800F35DFD /* tock.aif */ = {isa = PBXFileReference; lastKnownFileType = file; path = tock.aif; sourceTree = "<group>"; };
		47C058FE1561BB6200F35DFD /* AVFoundation.framework */ = {isa = PBXFileReference; lastKnownFileType = wrapper.framework; name = AVFoundation.framework; path = System/Library/Frameworks/AVFoundation.framework; sourceTree = SDKROOT; };
/* End PBXFileReference section */

/* Begin PBXFrameworksBuildPhase section */
		473C9F58154F42A700842854 /* Frameworks */ = {
			isa = PBXFrameworksBuildPhase;
			buildActionMask = 2147483647;
			files = (
				47C058FF1561BB6200F35DFD /* AVFoundation.framework in Frameworks */,
				47C058F61561B36500F35DFD /* AudioToolbox.framework in Frameworks */,
				473C9F7D154F42C700842854 /* CoreBluetooth.framework in Frameworks */,
				473C9F60154F42A700842854 /* UIKit.framework in Frameworks */,
				473C9F62154F42A700842854 /* Foundation.framework in Frameworks */,
				473C9F64154F42A700842854 /* CoreGraphics.framework in Frameworks */,
			);
			runOnlyForDeploymentPostprocessing = 0;
		};
/* End PBXFrameworksBuildPhase section */

/* Begin PBXGroup section */
		473C9F50154F42A700842854 = {
			isa = PBXGroup;
			children = (
				47309C2F155AD5C60065F74E /* readme.md */,
				473C9F65154F42A700842854 /* Bluetooth LE */,
				473C9F7E154F459F00842854 /* Resources */,
				473C9F5E154F42A700842854 /* Frameworks */,
				473C9F5C154F42A700842854 /* Products */,
			);
			sourceTree = "<group>";
		};
		473C9F5C154F42A700842854 /* Products */ = {
			isa = PBXGroup;
			children = (
				473C9F5B154F42A700842854 /* Bluetooth LE.app */,
			);
			name = Products;
			sourceTree = "<group>";
		};
		473C9F5E154F42A700842854 /* Frameworks */ = {
			isa = PBXGroup;
			children = (
				47C058FE1561BB6200F35DFD /* AVFoundation.framework */,
				47C058F51561B36500F35DFD /* AudioToolbox.framework */,
				473C9F7C154F42C700842854 /* CoreBluetooth.framework */,
				473C9F5F154F42A700842854 /* UIKit.framework */,
				473C9F61154F42A700842854 /* Foundation.framework */,
				473C9F63154F42A700842854 /* CoreGraphics.framework */,
			);
			name = Frameworks;
			sourceTree = "<group>";
		};
		473C9F65154F42A700842854 /* Bluetooth LE */ = {
			isa = PBXGroup;
			children = (
				4747358515604E15008C5B84 /* TBXML */,
				473C9F6E154F42A700842854 /* AppDelegate.h */,
				473C9F6F154F42A700842854 /* AppDelegate.m */,
				473C9F71154F42A700842854 /* MainStoryboard.storyboard */,
				473C9F74154F42A700842854 /* ViewController.h */,
				473C9F75154F42A700842854 /* ViewController.m */,
				47473507155DB0E7008C5B84 /* MBProgressHUD.h */,
				47473508155DB0E7008C5B84 /* MBProgressHUD.m */,
				473C9F66154F42A700842854 /* Supporting Files */,
				473C9F8D154F48AD00842854 /* CBUUID+Utils.h */,
				473C9F8E154F48AD00842854 /* CBUUID+Utils.m */,
			);
			path = "Bluetooth LE";
			sourceTree = "<group>";
		};
		473C9F66154F42A700842854 /* Supporting Files */ = {
			isa = PBXGroup;
			children = (
				473C9F67154F42A700842854 /* Bluetooth LE-Info.plist */,
				473C9F68154F42A700842854 /* InfoPlist.strings */,
				473C9F6B154F42A700842854 /* main.m */,
				473C9F6D154F42A700842854 /* Bluetooth LE-Prefix.pch */,
			);
			name = "Supporting Files";
			sourceTree = "<group>";
		};
		473C9F7E154F459F00842854 /* Resources */ = {
			isa = PBXGroup;
			children = (
				47C058FC1561BAD800F35DFD /* tock.aif */,
				4747358C15605017008C5B84 /* remote.xml */,
				474734E1155D9138008C5B84 /* Images */,
				473C9F7F154F45B800842854 /* App Icon [Squared] */,
			);
			path = Resources;
			sourceTree = "<group>";
		};
		473C9F7F154F45B800842854 /* App Icon [Squared] */ = {
			isa = PBXGroup;
			children = (
				47473518155EEA83008C5B84 /* Icon-72.png */,
				47473519155EEA83008C5B84 /* Icon-72@2x.png */,
				4747351A155EEA83008C5B84 /* Icon-Small-50.png */,
				4747351B155EEA83008C5B84 /* Icon-Small-50@2x.png */,
				4747351C155EEA83008C5B84 /* Icon-Small.png */,
				4747351D155EEA83008C5B84 /* Icon-Small@2x.png */,
				4747351E155EEA83008C5B84 /* Icon.png */,
				4747351F155EEA83008C5B84 /* Icon@2x.png */,
				47473520155EEA83008C5B84 /* iTunesArtwork.png */,
				47473521155EEA83008C5B84 /* iTunesArtwork@2x.png */,
			);
			path = "App Icon [Squared]";
			sourceTree = "<group>";
		};
		474734E1155D9138008C5B84 /* Images */ = {
			isa = PBXGroup;
			children = (
				4747355E156048EE008C5B84 /* btn_green.png */,
				4747355F156048EE008C5B84 /* btn_green@2x.png */,
				47473560156048EE008C5B84 /* btn_lightblue.png */,
				47473561156048EE008C5B84 /* btn_lightblue@2x.png */,
				47473562156048EE008C5B84 /* btn_lime.png */,
				47473563156048EE008C5B84 /* btn_lime@2x.png */,
				47473564156048EE008C5B84 /* btn_orange.png */,
				47473565156048EE008C5B84 /* btn_orange@2x.png */,
				47473566156048EE008C5B84 /* btn_pink.png */,
				47473567156048EE008C5B84 /* btn_pink@2x.png */,
				47473568156048EE008C5B84 /* btn_purple.png */,
				47473569156048EE008C5B84 /* btn_purple@2x.png */,
				4747356A156048EE008C5B84 /* btn_red.png */,
				4747356B156048EE008C5B84 /* btn_red@2x.png */,
				4747356C156048EE008C5B84 /* btn_turquoise.png */,
				4747356D156048EE008C5B84 /* btn_turquoise@2x.png */,
				4747356E156048EE008C5B84 /* btn_yellow.png */,
				4747356F156048EE008C5B84 /* btn_yellow@2x.png */,
				47473556156048D9008C5B84 /* btn_blue.png */,
				47473557156048D9008C5B84 /* btn_blue@2x.png */,
				47473558156048D9008C5B84 /* btn_gray.png */,
				47473559156048D9008C5B84 /* btn_gray@2x.png */,
				474735541560447D008C5B84 /* btn_black.png */,
				474735511560443E008C5B84 /* btn_black@2x.png */,
				47473549155F23F5008C5B84 /* titleScrollerOverlay.png */,
				4747354A155F23F5008C5B84 /* titleScrollerOverlay@2x.png */,
				47473545155F18B7008C5B84 /* topbtn_learn.png */,
				47473546155F18B7008C5B84 /* topbtn_learn@2x.png */,
				47473541155F1751008C5B84 /* topbtn_scan.png */,
				47473542155F1751008C5B84 /* topbtn_scan@2x.png */,
				4747353D155F1491008C5B84 /* topbtn_debug.png */,
				4747353E155F1491008C5B84 /* topbtn_debug@2x.png */,
				47473535155F0C45008C5B84 /* toolbar.png */,
				47473536155F0C45008C5B84 /* toolbar@2x.png */,
				47473530155F0015008C5B84 /* Default.png */,
				47473531155F0015008C5B84 /* Default@2x.png */,
				474734F7155D94A2008C5B84 /* background.png */,
				474734F8155D94A2008C5B84 /* background@2x.png */,
			);
			name = Images;
			sourceTree = "<group>";
		};
		4747358515604E15008C5B84 /* TBXML */ = {
			isa = PBXGroup;
			children = (
				4747358615604E34008C5B84 /* TBXML.m */,
				4747358715604E34008C5B84 /* TBXML.h */,
			);
			name = TBXML;
			sourceTree = "<group>";
		};
/* End PBXGroup section */

/* Begin PBXNativeTarget section */
		473C9F5A154F42A700842854 /* Bluetooth LE */ = {
			isa = PBXNativeTarget;
			buildConfigurationList = 473C9F79154F42A700842854 /* Build configuration list for PBXNativeTarget "Bluetooth LE" */;
			buildPhases = (
				473C9F57154F42A700842854 /* Sources */,
				473C9F58154F42A700842854 /* Frameworks */,
				473C9F59154F42A700842854 /* Resources */,
			);
			buildRules = (
			);
			dependencies = (
			);
			name = "Bluetooth LE";
			productName = "Bluetooth LE";
			productReference = 473C9F5B154F42A700842854 /* Bluetooth LE.app */;
			productType = "com.apple.product-type.application";
		};
/* End PBXNativeTarget section */

/* Begin PBXProject section */
		473C9F52154F42A700842854 /* Project object */ = {
			isa = PBXProject;
			attributes = {
				LastUpgradeCheck = 0430;
				ORGANIZATIONNAME = "Greener Pastures";
			};
			buildConfigurationList = 473C9F55154F42A700842854 /* Build configuration list for PBXProject "Bluetooth LE" */;
			compatibilityVersion = "Xcode 3.2";
			developmentRegion = English;
			hasScannedForEncodings = 0;
			knownRegions = (
				en,
			);
			mainGroup = 473C9F50154F42A700842854;
			productRefGroup = 473C9F5C154F42A700842854 /* Products */;
			projectDirPath = "";
			projectRoot = "";
			targets = (
				473C9F5A154F42A700842854 /* Bluetooth LE */,
			);
		};
/* End PBXProject section */

/* Begin PBXResourcesBuildPhase section */
		473C9F59154F42A700842854 /* Resources */ = {
			isa = PBXResourcesBuildPhase;
			buildActionMask = 2147483647;
			files = (
				473C9F6A154F42A700842854 /* InfoPlist.strings in Resources */,
				473C9F73154F42A700842854 /* MainStoryboard.storyboard in Resources */,
				47309C30155AD5C60065F74E /* readme.md in Resources */,
				474734F9155D94A2008C5B84 /* background.png in Resources */,
				474734FA155D94A2008C5B84 /* background@2x.png in Resources */,
				47473522155EEA83008C5B84 /* Icon-72.png in Resources */,
				47473523155EEA83008C5B84 /* Icon-72@2x.png in Resources */,
				47473524155EEA83008C5B84 /* Icon-Small-50.png in Resources */,
				47473525155EEA83008C5B84 /* Icon-Small-50@2x.png in Resources */,
				47473526155EEA83008C5B84 /* Icon-Small.png in Resources */,
				47473527155EEA83008C5B84 /* Icon-Small@2x.png in Resources */,
				47473528155EEA83008C5B84 /* Icon.png in Resources */,
				47473529155EEA83008C5B84 /* Icon@2x.png in Resources */,
				47473532155F0015008C5B84 /* Default.png in Resources */,
				47473533155F0015008C5B84 /* Default@2x.png in Resources */,
				47473537155F0C45008C5B84 /* toolbar.png in Resources */,
				47473538155F0C45008C5B84 /* toolbar@2x.png in Resources */,
				4747353F155F1491008C5B84 /* topbtn_debug.png in Resources */,
				47473540155F1491008C5B84 /* topbtn_debug@2x.png in Resources */,
				47473543155F1751008C5B84 /* topbtn_scan.png in Resources */,
				47473544155F1751008C5B84 /* topbtn_scan@2x.png in Resources */,
				47473547155F18B7008C5B84 /* topbtn_learn.png in Resources */,
				47473548155F18B7008C5B84 /* topbtn_learn@2x.png in Resources */,
				4747354B155F23F5008C5B84 /* titleScrollerOverlay.png in Resources */,
				4747354C155F23F5008C5B84 /* titleScrollerOverlay@2x.png in Resources */,
				474735521560443E008C5B84 /* btn_black@2x.png in Resources */,
				474735551560447D008C5B84 /* btn_black.png in Resources */,
				4747355A156048D9008C5B84 /* btn_blue.png in Resources */,
				4747355B156048D9008C5B84 /* btn_blue@2x.png in Resources */,
				4747355C156048D9008C5B84 /* btn_gray.png in Resources */,
				4747355D156048D9008C5B84 /* btn_gray@2x.png in Resources */,
				47473570156048EE008C5B84 /* btn_green.png in Resources */,
				47473571156048EE008C5B84 /* btn_green@2x.png in Resources */,
				47473572156048EE008C5B84 /* btn_lightblue.png in Resources */,
				47473573156048EE008C5B84 /* btn_lightblue@2x.png in Resources */,
				47473574156048EE008C5B84 /* btn_lime.png in Resources */,
				47473575156048EE008C5B84 /* btn_lime@2x.png in Resources */,
				47473576156048EE008C5B84 /* btn_orange.png in Resources */,
				47473577156048EE008C5B84 /* btn_orange@2x.png in Resources */,
				47473578156048EE008C5B84 /* btn_pink.png in Resources */,
				47473579156048EE008C5B84 /* btn_pink@2x.png in Resources */,
				4747357A156048EE008C5B84 /* btn_purple.png in Resources */,
				4747357B156048EE008C5B84 /* btn_purple@2x.png in Resources */,
				4747357C156048EE008C5B84 /* btn_red.png in Resources */,
				4747357D156048EE008C5B84 /* btn_red@2x.png in Resources */,
				4747357E156048EE008C5B84 /* btn_turquoise.png in Resources */,
				4747357F156048EE008C5B84 /* btn_turquoise@2x.png in Resources */,
				47473580156048EE008C5B84 /* btn_yellow.png in Resources */,
				47473581156048EE008C5B84 /* btn_yellow@2x.png in Resources */,
				4747358D15605017008C5B84 /* remote.xml in Resources */,
				47C058FD1561BAD800F35DFD /* tock.aif in Resources */,
			);
			runOnlyForDeploymentPostprocessing = 0;
		};
/* End PBXResourcesBuildPhase section */

/* Begin PBXSourcesBuildPhase section */
		473C9F57154F42A700842854 /* Sources */ = {
			isa = PBXSourcesBuildPhase;
			buildActionMask = 2147483647;
			files = (
				473C9F6C154F42A700842854 /* main.m in Sources */,
				473C9F70154F42A700842854 /* AppDelegate.m in Sources */,
				473C9F76154F42A700842854 /* ViewController.m in Sources */,
				473C9F8F154F48AD00842854 /* CBUUID+Utils.m in Sources */,
				47473509155DB0E7008C5B84 /* MBProgressHUD.m in Sources */,
				4747358815604E34008C5B84 /* TBXML.m in Sources */,
			);
			runOnlyForDeploymentPostprocessing = 0;
		};
/* End PBXSourcesBuildPhase section */

/* Begin PBXVariantGroup section */
		473C9F68154F42A700842854 /* InfoPlist.strings */ = {
			isa = PBXVariantGroup;
			children = (
				473C9F69154F42A700842854 /* en */,
			);
			name = InfoPlist.strings;
			sourceTree = "<group>";
		};
		473C9F71154F42A700842854 /* MainStoryboard.storyboard */ = {
			isa = PBXVariantGroup;
			children = (
				473C9F72154F42A700842854 /* en */,
			);
			name = MainStoryboard.storyboard;
			sourceTree = "<group>";
		};
/* End PBXVariantGroup section */

/* Begin XCBuildConfiguration section */
		473C9F77154F42A700842854 /* Debug */ = {
			isa = XCBuildConfiguration;
			buildSettings = {
				ALWAYS_SEARCH_USER_PATHS = NO;
				ARCHS = "$(ARCHS_STANDARD_32_BIT)";
				CLANG_ENABLE_OBJC_ARC = YES;
				"CODE_SIGN_IDENTITY[sdk=iphoneos*]" = "iPhone Developer";
				COPY_PHASE_STRIP = NO;
				GCC_C_LANGUAGE_STANDARD = gnu99;
				GCC_DYNAMIC_NO_PIC = NO;
				GCC_OPTIMIZATION_LEVEL = 0;
				GCC_PREPROCESSOR_DEFINITIONS = (
					"DEBUG=1",
					"$(inherited)",
				);
				GCC_SYMBOLS_PRIVATE_EXTERN = NO;
				GCC_VERSION = com.apple.compilers.llvm.clang.1_0;
				GCC_WARN_ABOUT_RETURN_TYPE = YES;
				GCC_WARN_UNINITIALIZED_AUTOS = YES;
				GCC_WARN_UNUSED_VARIABLE = YES;
				IPHONEOS_DEPLOYMENT_TARGET = 5.1;
				SDKROOT = iphoneos;
			};
			name = Debug;
		};
		473C9F78154F42A700842854 /* Release */ = {
			isa = XCBuildConfiguration;
			buildSettings = {
				ALWAYS_SEARCH_USER_PATHS = NO;
				ARCHS = "$(ARCHS_STANDARD_32_BIT)";
				CLANG_ENABLE_OBJC_ARC = YES;
				"CODE_SIGN_IDENTITY[sdk=iphoneos*]" = "iPhone Developer";
				COPY_PHASE_STRIP = YES;
				GCC_C_LANGUAGE_STANDARD = gnu99;
				GCC_VERSION = com.apple.compilers.llvm.clang.1_0;
				GCC_WARN_ABOUT_RETURN_TYPE = YES;
				GCC_WARN_UNINITIALIZED_AUTOS = YES;
				GCC_WARN_UNUSED_VARIABLE = YES;
				IPHONEOS_DEPLOYMENT_TARGET = 5.1;
				OTHER_CFLAGS = "-DNS_BLOCK_ASSERTIONS=1";
				SDKROOT = iphoneos;
				VALIDATE_PRODUCT = YES;
			};
			name = Release;
		};
		473C9F7A154F42A700842854 /* Debug */ = {
			isa = XCBuildConfiguration;
			buildSettings = {
				GCC_PRECOMPILE_PREFIX_HEADER = YES;
				GCC_PREFIX_HEADER = "Bluetooth LE/Bluetooth LE-Prefix.pch";
				INFOPLIST_FILE = "Bluetooth LE/Bluetooth LE-Info.plist";
				PRODUCT_NAME = "$(TARGET_NAME)";
				WRAPPER_EXTENSION = app;
			};
			name = Debug;
		};
		473C9F7B154F42A700842854 /* Release */ = {
			isa = XCBuildConfiguration;
			buildSettings = {
				GCC_PRECOMPILE_PREFIX_HEADER = YES;
				GCC_PREFIX_HEADER = "Bluetooth LE/Bluetooth LE-Prefix.pch";
				INFOPLIST_FILE = "Bluetooth LE/Bluetooth LE-Info.plist";
				PRODUCT_NAME = "$(TARGET_NAME)";
				WRAPPER_EXTENSION = app;
			};
			name = Release;
		};
/* End XCBuildConfiguration section */

/* Begin XCConfigurationList section */
		473C9F55154F42A700842854 /* Build configuration list for PBXProject "Bluetooth LE" */ = {
			isa = XCConfigurationList;
			buildConfigurations = (
				473C9F77154F42A700842854 /* Debug */,
				473C9F78154F42A700842854 /* Release */,
			);
			defaultConfigurationIsVisible = 0;
			defaultConfigurationName = Release;
		};
		473C9F79154F42A700842854 /* Build configuration list for PBXNativeTarget "Bluetooth LE" */ = {
			isa = XCConfigurationList;
			buildConfigurations = (
				473C9F7A154F42A700842854 /* Debug */,
				473C9F7B154F42A700842854 /* Release */,
			);
			defaultConfigurationIsVisible = 0;
			defaultConfigurationName = Release;
		};
/* End XCConfigurationList section */
	};
	rootObject = 473C9F52154F42A700842854 /* Project object */;
}
